
Microsoft Visual Studio Solution File, Format Version 12.00
Project("{FAE04EC0-301F-11D3-BF4B-00C04F79EFBC}") = "TTPlugins", "TTPlugins\TTPlugins.csproj", "{4F1E5BD4-F589-41C1-BDE0-D6A7B39F47D4}"
EndProject
Global
	GlobalSection(SolutionConfigurationPlatforms) = preSolution
		Debug|Any CPU = Debug|Any CPU
		Release|Any CPU = Release|Any CPU
	EndGlobalSection
	GlobalSection(ProjectConfigurationPlatforms) = postSolution
		{4F1E5BD4-F589-41C1-BDE0-D6A7B39F47D4}.Debug|Any CPU.ActiveCfg = Debug|Any CPU
		{4F1E5BD4-F589-41C1-BDE0-D6A7B39F47D4}.Debug|Any CPU.Build.0 = Debug|Any CPU
		{4F1E5BD4-F589-41C1-BDE0-D6A7B39F47D4}.Release|Any CPU.ActiveCfg = Release|Any CPU
		{4F1E5BD4-F589-41C1-BDE0-D6A7B39F47D4}.Release|Any CPU.Build.0 = Release|Any CPU
	EndGlobalSection
EndGlobal
